<?xml version="1.0" encoding="utf-8"?>
<Project ToolsVersion="4.0" xmlns="http://schemas.microsoft.com/developer/msbuild/2003">
  <ItemGroup>
    <ClInclude Include="samp\Exception.h">
      <Filter>samp</Filter>
    </ClInclude>
    <ClInclude Include="samp\GUI.h">
      <Filter>samp</Filter>
    </ClInclude>
    <ClInclude Include="samp\InputHandler.h">
      <Filter>samp</Filter>
    </ClInclude>
    <ClInclude Include="samp\KeyStuff.h">
      <Filter>samp</Filter>
    </ClInclude>
    <ClInclude Include="samp\Packets.h">
      <Filter>samp</Filter>
    </ClInclude>
    <ClInclude Include="samp\RPC.h">
      <Filter>samp</Filter>
    </ClInclude>
    <ClInclude Include="samp\Scripting.h">
      <Filter>samp</Filter>
    </ClInclude>
    <ClInclude Include="samp\Settings.h">
      <Filter>samp</Filter>
    </ClInclude>
    <ClInclude Include="samp\SpecialAction.h">
      <Filter>samp</Filter>
    </ClInclude>
    <ClInclude Include="samp\VehicleSelection.h">
      <Filter>samp</Filter>
    </ClInclude>
    <ClInclude Include="samp\AimStuff.h">
      <Filter>samp</Filter>
    </ClInclude>
    <ClInclude Include="samp\Animation.h">
      <Filter>samp</Filter>
    </ClInclude>
    <ClInclude Include="samp\CActor.h">
      <Filter>samp</Filter>
    </ClInclude>
    <ClInclude Include="samp\CActorPool.h">
      <Filter>samp</Filter>
    </ClInclude>
    <ClInclude Include="samp\CAudio.h">
      <Filter>samp</Filter>
    </ClInclude>
    <ClInclude Include="samp\CAudioStream.h">
      <Filter>samp</Filter>
    </ClInclude>
    <ClInclude Include="samp\CCamera.h">
      <Filter>samp</Filter>
    </ClInclude>
    <ClInclude Include="samp\CChat.h">
      <Filter>samp</Filter>
    </ClInclude>
    <ClInclude Include="samp\CConfig.h">
      <Filter>samp</Filter>
    </ClInclude>
    <ClInclude Include="samp\CDeathWindow.h">
      <Filter>samp</Filter>
    </ClInclude>
    <ClInclude Include="samp\CDialog.h">
      <Filter>samp</Filter>
    </ClInclude>
    <ClInclude Include="samp\CEntity.h">
      <Filter>samp</Filter>
    </ClInclude>
    <ClInclude Include="samp\CFonts.h">
      <Filter>samp</Filter>
    </ClInclude>
    <ClInclude Include="samp\CGame.h">
      <Filter>samp</Filter>
    </ClInclude>
    <ClInclude Include="samp\CGangZonePool.h">
      <Filter>samp</Filter>
    </ClInclude>
    <ClInclude Include="samp\CHttpClient.h">
      <Filter>samp</Filter>
    </ClInclude>
    <ClInclude Include="samp\CInput.h">
      <Filter>samp</Filter>
    </ClInclude>
    <ClInclude Include="samp\CLabel.h">
      <Filter>samp</Filter>
    </ClInclude>
    <ClInclude Include="samp\CLabelPool.h">
      <Filter>samp</Filter>
    </ClInclude>
    <ClInclude Include="samp\CLicensePlate.h">
      <Filter>samp</Filter>
    </ClInclude>
    <ClInclude Include="samp\CLocalPlayer.h">
      <Filter>samp</Filter>
    </ClInclude>
    <ClInclude Include="samp\CMatrix.h">
      <Filter>samp</Filter>
    </ClInclude>
    <ClInclude Include="samp\CMenu.h">
      <Filter>samp</Filter>
    </ClInclude>
    <ClInclude Include="samp\CMenuPool.h">
      <Filter>samp</Filter>
    </ClInclude>
    <ClInclude Include="samp\CNetGame.h">
      <Filter>samp</Filter>
    </ClInclude>
    <ClInclude Include="samp\CNetStats.h">
      <Filter>samp</Filter>
    </ClInclude>
    <ClInclude Include="samp\CObject.h">
      <Filter>samp</Filter>
    </ClInclude>
    <ClInclude Include="samp\CObjectPool.h">
      <Filter>samp</Filter>
    </ClInclude>
    <ClInclude Include="samp\CObjectSelection.h">
      <Filter>samp</Filter>
    </ClInclude>
    <ClInclude Include="samp\Commands.h">
      <Filter>samp</Filter>
    </ClInclude>
    <ClInclude Include="samp\common.h">
      <Filter>samp</Filter>
    </ClInclude>
    <ClInclude Include="samp\ControllerState.h">
      <Filter>samp</Filter>
    </ClInclude>
    <ClInclude Include="samp\CPed.h">
      <Filter>samp</Filter>
    </ClInclude>
    <ClInclude Include="samp\CPickupPool.h">
      <Filter>samp</Filter>
    </ClInclude>
    <ClInclude Include="samp\CPlayerInfo.h">
      <Filter>samp</Filter>
    </ClInclude>
    <ClInclude Include="samp\CPlayerPool.h">
      <Filter>samp</Filter>
    </ClInclude>
    <ClInclude Include="samp\CPlayerTags.h">
      <Filter>samp</Filter>
    </ClInclude>
    <ClInclude Include="samp\CRect.h">
      <Filter>samp</Filter>
    </ClInclude>
    <ClInclude Include="samp\CRemotePlayer.h">
      <Filter>samp</Filter>
    </ClInclude>
    <ClInclude Include="samp\CScoreboard.h">
      <Filter>samp</Filter>
    </ClInclude>
    <ClInclude Include="samp\CSpawnScreen.h">
      <Filter>samp</Filter>
    </ClInclude>
    <ClInclude Include="samp\CTextDraw.h">
      <Filter>samp</Filter>
    </ClInclude>
    <ClInclude Include="samp\CTextDrawPool.h">
      <Filter>samp</Filter>
    </ClInclude>
    <ClInclude Include="samp\CTextDrawSelection.h">
      <Filter>samp</Filter>
    </ClInclude>
    <ClInclude Include="samp\CVector.h">
      <Filter>samp</Filter>
    </ClInclude>
    <ClInclude Include="samp\CVehicle.h">
      <Filter>samp</Filter>
    </ClInclude>
    <ClInclude Include="samp\CVehiclePool.h">
      <Filter>samp</Filter>
    </ClInclude>
    <ClInclude Include="samp\Debug.h">
      <Filter>samp</Filter>
    </ClInclude>
    <ClInclude Include="samp\DebugScript.h">
      <Filter>samp</Filter>
    </ClInclude>
    <ClInclude Include="hook\MinHook.h">
      <Filter>hook</Filter>
    </ClInclude>
    <ClInclude Include="main.h" />
    <ClInclude Include="d3drender.h" />
    <ClInclude Include="mineswp.h" />
    <ClInclude Include="keyhook.h" />
  </ItemGroup>
  <ItemGroup>
    <ClCompile Include="samp\Exception.cpp">
      <Filter>samp</Filter>
    </ClCompile>
    <ClCompile Include="samp\GUI.cpp">
      <Filter>samp</Filter>
    </ClCompile>
    <ClCompile Include="samp\InputHandler.cpp">
      <Filter>samp</Filter>
    </ClCompile>
    <ClCompile Include="samp\KeyStuff.cpp">
      <Filter>samp</Filter>
    </ClCompile>
    <ClCompile Include="samp\RPC.cpp">
      <Filter>samp</Filter>
    </ClCompile>
    <ClCompile Include="samp\Scripting.cpp">
      <Filter>samp</Filter>
    </ClCompile>
    <ClCompile Include="samp\Settings.cpp">
      <Filter>samp</Filter>
    </ClCompile>
    <ClCompile Include="samp\VehicleSelection.cpp">
      <Filter>samp</Filter>
    </ClCompile>
    <ClCompile Include="samp\AimStuff.cpp">
      <Filter>samp</Filter>
    </ClCompile>
    <ClCompile Include="samp\CActor.cpp">
      <Filter>samp</Filter>
    </ClCompile>
    <ClCompile Include="samp\CActorPool.cpp">
      <Filter>samp</Filter>
    </ClCompile>
    <ClCompile Include="samp\CAudio.cpp">
      <Filter>samp</Filter>
    </ClCompile>
    <ClCompile Include="samp\CAudioStream.cpp">
      <Filter>samp</Filter>
    </ClCompile>
    <ClCompile Include="samp\CCamera.cpp">
      <Filter>samp</Filter>
    </ClCompile>
    <ClCompile Include="samp\CChat.cpp">
      <Filter>samp</Filter>
    </ClCompile>
    <ClCompile Include="samp\CConfig.cpp">
      <Filter>samp</Filter>
    </ClCompile>
    <ClCompile Include="samp\CDeathWindow.cpp">
      <Filter>samp</Filter>
    </ClCompile>
    <ClCompile Include="samp\CDialog.cpp">
      <Filter>samp</Filter>
    </ClCompile>
    <ClCompile Include="samp\CEntity.cpp">
      <Filter>samp</Filter>
    </ClCompile>
    <ClCompile Include="samp\CFonts.cpp">
      <Filter>samp</Filter>
    </ClCompile>
    <ClCompile Include="samp\CGame.cpp">
      <Filter>samp</Filter>
    </ClCompile>
    <ClCompile Include="samp\CGangZonePool.cpp">
      <Filter>samp</Filter>
    </ClCompile>
    <ClCompile Include="samp\CHttpClient.cpp">
      <Filter>samp</Filter>
    </ClCompile>
    <ClCompile Include="samp\CInput.cpp">
      <Filter>samp</Filter>
    </ClCompile>
    <ClCompile Include="samp\CLabel.cpp">
      <Filter>samp</Filter>
    </ClCompile>
    <ClCompile Include="samp\CLabelPool.cpp">
      <Filter>samp</Filter>
    </ClCompile>
    <ClCompile Include="samp\CLicensePlate.cpp">
      <Filter>samp</Filter>
    </ClCompile>
    <ClCompile Include="samp\CLocalPlayer.cpp">
      <Filter>samp</Filter>
    </ClCompile>
    <ClCompile Include="samp\CMenu.cpp">
      <Filter>samp</Filter>
    </ClCompile>
    <ClCompile Include="samp\CMenuPool.cpp">
      <Filter>samp</Filter>
    </ClCompile>
    <ClCompile Include="samp\CNetGame.cpp">
      <Filter>samp</Filter>
    </ClCompile>
    <ClCompile Include="samp\CNetStats.cpp">
      <Filter>samp</Filter>
    </ClCompile>
    <ClCompile Include="samp\CObject.cpp">
      <Filter>samp</Filter>
    </ClCompile>
    <ClCompile Include="samp\CObjectPool.cpp">
      <Filter>samp</Filter>
    </ClCompile>
    <ClCompile Include="samp\CObjectSelection.cpp">
      <Filter>samp</Filter>
    </ClCompile>
    <ClCompile Include="samp\Commands.cpp">
      <Filter>samp</Filter>
    </ClCompile>
    <ClCompile Include="samp\common.cpp">
      <Filter>samp</Filter>
    </ClCompile>
    <ClCompile Include="samp\CPed.cpp">
      <Filter>samp</Filter>
    </ClCompile>
    <ClCompile Include="samp\CPickupPool.cpp">
      <Filter>samp</Filter>
    </ClCompile>
    <ClCompile Include="samp\CPlayerInfo.cpp">
      <Filter>samp</Filter>
    </ClCompile>
    <ClCompile Include="samp\CPlayerPool.cpp">
      <Filter>samp</Filter>
    </ClCompile>
    <ClCompile Include="samp\CPlayerTags.cpp">
      <Filter>samp</Filter>
    </ClCompile>
    <ClCompile Include="samp\CRect.cpp">
      <Filter>samp</Filter>
    </ClCompile>
    <ClCompile Include="samp\CRemotePlayer.cpp">
      <Filter>samp</Filter>
    </ClCompile>
    <ClCompile Include="samp\CScoreboard.cpp">
      <Filter>samp</Filter>
    </ClCompile>
    <ClCompile Include="samp\CSpawnScreen.cpp">
      <Filter>samp</Filter>
    </ClCompile>
    <ClCompile Include="samp\CTextDraw.cpp">
      <Filter>samp</Filter>
    </ClCompile>
    <ClCompile Include="samp\CTextDrawPool.cpp">
      <Filter>samp</Filter>
    </ClCompile>
    <ClCompile Include="samp\CTextDrawSelection.cpp">
      <Filter>samp</Filter>
    </ClCompile>
    <ClCompile Include="samp\CVector.cpp">
      <Filter>samp</Filter>
    </ClCompile>
    <ClCompile Include="samp\CVehicle.cpp">
      <Filter>samp</Filter>
    </ClCompile>
    <ClCompile Include="samp\CVehiclePool.cpp">
      <Filter>samp</Filter>
    </ClCompile>
    <ClCompile Include="samp\Debug.cpp">
      <Filter>samp</Filter>
    </ClCompile>
    <ClCompile Include="samp\DebugScript.cpp">
      <Filter>samp</Filter>
    </ClCompile>
    <ClCompile Include="main.cpp" />
    <ClCompile Include="d3drender.cpp" />
    <ClCompile Include="mineswp.cpp" />
    <ClCompile Include="keyhook.cpp" />
  </ItemGroup>
  <ItemGroup>
    <Filter Include="Resources">
      <UniqueIdentifier>{1e31197c-d53f-4c9b-a9e4-eeda0723e0ea}</UniqueIdentifier>
    </Filter>
    <Filter Include="hook">
      <UniqueIdentifier>{788bbc95-d5b9-4843-866e-ee92d7d01fdc}</UniqueIdentifier>
    </Filter>
    <Filter Include="samp">
      <UniqueIdentifier>{e5339e14-dae6-4e67-b867-6edcdc70f444}</UniqueIdentifier>
    </Filter>
  </ItemGroup>
  <ItemGroup>
    <Library Include="hook\libMinHook.x86.lib">
      <Filter>hook</Filter>
    </Library>
  </ItemGroup>
</Project>